
Microsoft Visual Studio Solution File, Format Version 12.00
# Visual Studio Version 17
VisualStudioVersion = 17.0.31903.59
MinimumVisualStudioVersion = 10.0.40219.1
Project("{2150E333-8FDC-42A3-9474-1A3956D46DE8}") = "src", "src", "{E63EDCD2-A75B-45CA-AFDD-18AA9AAC3B62}"
EndProject
Project("{2150E333-8FDC-42A3-9474-1A3956D46DE8}") = "CleanArchitecture", "CleanArchitecture", "{E0A28CEE-BB1B-4427-9C41-07CF5C5449B3}"
EndProject
Project("{FAE04EC0-301F-11D3-BF4B-00C04F79EFBC}") = "CleanArchitecture.Domain", "src\CleanArchitecture\CleanArchitecture.Domain\CleanArchitecture.Domain.csproj", "{B54B2230-7C87-4CF8-8B4C-43F4825C8A47}"
EndProject
Project("{FAE04EC0-301F-11D3-BF4B-00C04F79EFBC}") = "CleanArchitecture.Application", "src\CleanArchitecture\CleanArchitecture.Application\CleanArchitecture.Application.csproj", "{B31E755D-7598-4937-8384-41014CDAFFD9}"
EndProject
Global
	GlobalSection(SolutionConfigurationPlatforms) = preSolution
		Debug|Any CPU = Debug|Any CPU
		Release|Any CPU = Release|Any CPU
	EndGlobalSection
	GlobalSection(SolutionProperties) = preSolution
		HideSolutionNode = FALSE
	EndGlobalSection
	GlobalSection(ProjectConfigurationPlatforms) = postSolution
		{B54B2230-7C87-4CF8-8B4C-43F4825C8A47}.Debug|Any CPU.ActiveCfg = Debug|Any CPU
		{B54B2230-7C87-4CF8-8B4C-43F4825C8A47}.Debug|Any CPU.Build.0 = Debug|Any CPU
		{B54B2230-7C87-4CF8-8B4C-43F4825C8A47}.Release|Any CPU.ActiveCfg = Release|Any CPU
		{B54B2230-7C87-4CF8-8B4C-43F4825C8A47}.Release|Any CPU.Build.0 = Release|Any CPU
		{B31E755D-7598-4937-8384-41014CDAFFD9}.Debug|Any CPU.ActiveCfg = Debug|Any CPU
		{B31E755D-7598-4937-8384-41014CDAFFD9}.Debug|Any CPU.Build.0 = Debug|Any CPU
		{B31E755D-7598-4937-8384-41014CDAFFD9}.Release|Any CPU.ActiveCfg = Release|Any CPU
		{B31E755D-7598-4937-8384-41014CDAFFD9}.Release|Any CPU.Build.0 = Release|Any CPU
	EndGlobalSection
	GlobalSection(NestedProjects) = preSolution
		{E0A28CEE-BB1B-4427-9C41-07CF5C5449B3} = {E63EDCD2-A75B-45CA-AFDD-18AA9AAC3B62}
		{B54B2230-7C87-4CF8-8B4C-43F4825C8A47} = {E0A28CEE-BB1B-4427-9C41-07CF5C5449B3}
		{B31E755D-7598-4937-8384-41014CDAFFD9} = {E0A28CEE-BB1B-4427-9C41-07CF5C5449B3}
	EndGlobalSection
EndGlobal
